
Microsoft Visual Studio Solution File, Format Version 12.00
# Visual Studio Version 17
VisualStudioVersion = 17.2.32616.157
MinimumVisualStudioVersion = 10.0.40219.1
Project("{9A19103F-16F7-4668-BE54-9A1E7A4F7556}") = "ProductMicroservice", "Product\ProductMicroservice\ProductMicroservice.csproj", "{C2070C5C-115F-4E81-9C9B-5196F0CB4BBD}"
EndProject
Global
	GlobalSection(SolutionConfigurationPlatforms) = preSolution
		Debug|Any CPU = Debug|Any CPU
		Release|Any CPU = Release|Any CPU
	EndGlobalSection
	GlobalSection(ProjectConfigurationPlatforms) = postSolution
		{C2070C5C-115F-4E81-9C9B-5196F0CB4BBD}.Debug|Any CPU.ActiveCfg = Debug|Any CPU
		{C2070C5C-115F-4E81-9C9B-5196F0CB4BBD}.Debug|Any CPU.Build.0 = Debug|Any CPU
		{C2070C5C-115F-4E81-9C9B-5196F0CB4BBD}.Release|Any CPU.ActiveCfg = Release|Any CPU
		{C2070C5C-115F-4E81-9C9B-5196F0CB4BBD}.Release|Any CPU.Build.0 = Release|Any CPU
	EndGlobalSection
	GlobalSection(SolutionProperties) = preSolution
		HideSolutionNode = FALSE
	EndGlobalSection
	GlobalSection(ExtensibilityGlobals) = postSolution
		SolutionGuid = {B741BA07-4251-4279-B2A1-A0DA9D06B062}
	EndGlobalSection
EndGlobal
